
Microsoft Visual Studio Solution File, Format Version 12.00
# Visual Studio Version 17
VisualStudioVersion = 17.14.36121.58
MinimumVisualStudioVersion = 10.0.40219.1
Project("{FAE04EC0-301F-11D3-BF4B-00C04F79EFBC}") = "Aula2", "Aula2.csproj", "{6976D2F1-9AA4-476C-A323-7D3487E50282}"
EndProject
Project("{FAE04EC0-301F-11D3-BF4B-00C04F79EFBC}") = "Aula3", "..\Aula3\Aula3.csproj", "{D0F03B93-9A4D-475D-B552-B1FD5F959D05}"
EndProject
Global
	GlobalSection(SolutionConfigurationPlatforms) = preSolution
		Debug|Any CPU = Debug|Any CPU
		Release|Any CPU = Release|Any CPU
	EndGlobalSection
	GlobalSection(ProjectConfigurationPlatforms) = postSolution
		{6976D2F1-9AA4-476C-A323-7D3487E50282}.Debug|Any CPU.ActiveCfg = Debug|Any CPU
		{6976D2F1-9AA4-476C-A323-7D3487E50282}.Debug|Any CPU.Build.0 = Debug|Any CPU
		{6976D2F1-9AA4-476C-A323-7D3487E50282}.Release|Any CPU.ActiveCfg = Release|Any CPU
		{6976D2F1-9AA4-476C-A323-7D3487E50282}.Release|Any CPU.Build.0 = Release|Any CPU
		{D0F03B93-9A4D-475D-B552-B1FD5F959D05}.Debug|Any CPU.ActiveCfg = Debug|Any CPU
		{D0F03B93-9A4D-475D-B552-B1FD5F959D05}.Debug|Any CPU.Build.0 = Debug|Any CPU
		{D0F03B93-9A4D-475D-B552-B1FD5F959D05}.Release|Any CPU.ActiveCfg = Release|Any CPU
		{D0F03B93-9A4D-475D-B552-B1FD5F959D05}.Release|Any CPU.Build.0 = Release|Any CPU
	EndGlobalSection
	GlobalSection(SolutionProperties) = preSolution
		HideSolutionNode = FALSE
	EndGlobalSection
	GlobalSection(ExtensibilityGlobals) = postSolution
		SolutionGuid = {CEEA3A54-864B-4996-B66F-AC7B37995297}
	EndGlobalSection
EndGlobal
